// !$*UTF8*$!
{
	archiveVersion = 1;
	classes = {
	};
	objectVersion = 46;
	objects = {

/* Begin PBXBuildFile section */
		83EE6F361BB3BE4700DFC473 /* AppDelegate.swift in Sources */ = {isa = PBXBuildFile; fileRef = 83EE6F351BB3BE4700DFC473 /* AppDelegate.swift */; };
		83EE6F381BB3BE4700DFC473 /* ViewController.swift in Sources */ = {isa = PBXBuildFile; fileRef = 83EE6F371BB3BE4700DFC473 /* ViewController.swift */; };
		83EE6F3B1BB3BE4700DFC473 /* Main.storyboard in Resources */ = {isa = PBXBuildFile; fileRef = 83EE6F391BB3BE4700DFC473 /* Main.storyboard */; };
		83EE6F3D1BB3BE4700DFC473 /* Assets.xcassets in Resources */ = {isa = PBXBuildFile; fileRef = 83EE6F3C1BB3BE4700DFC473 /* Assets.xcassets */; };
		83EE6F401BB3BE4700DFC473 /* LaunchScreen.storyboard in Resources */ = {isa = PBXBuildFile; fileRef = 83EE6F3E1BB3BE4700DFC473 /* LaunchScreen.storyboard */; };
		83EE6F481BB3C18200DFC473 /* ElementsTableViewController.swift in Sources */ = {isa = PBXBuildFile; fileRef = 83EE6F471BB3C18200DFC473 /* ElementsTableViewController.swift */; settings = {ASSET_TAGS = (); }; };
/* End PBXBuildFile section */

/* Begin PBXFileReference section */
		83EE6F321BB3BE4700DFC473 /* SectionsAndRows.app */ = {isa = PBXFileReference; explicitFileType = wrapper.application; includeInIndex = 0; path = SectionsAndRows.app; sourceTree = BUILT_PRODUCTS_DIR; };
		83EE6F351BB3BE4700DFC473 /* AppDelegate.swift */ = {isa = PBXFileReference; lastKnownFileType = sourcecode.swift; path = AppDelegate.swift; sourceTree = "<group>"; };
		83EE6F371BB3BE4700DFC473 /* ViewController.swift */ = {isa = PBXFileReference; lastKnownFileType = sourcecode.swift; path = ViewController.swift; sourceTree = "<group>"; };
		83EE6F3A1BB3BE4700DFC473 /* Base */ = {isa = PBXFileReference; lastKnownFileType = file.storyboard; name = Base; path = Base.lproj/Main.storyboard; sourceTree = "<group>"; };
		83EE6F3C1BB3BE4700DFC473 /* Assets.xcassets */ = {isa = PBXFileReference; lastKnownFileType = folder.assetcatalog; path = Assets.xcassets; sourceTree = "<group>"; };
		83EE6F3F1BB3BE4700DFC473 /* Base */ = {isa = PBXFileReference; lastKnownFileType = file.storyboard; name = Base; path = Base.lproj/LaunchScreen.storyboard; sourceTree = "<group>"; };
		83EE6F411BB3BE4700DFC473 /* Info.plist */ = {isa = PBXFileReference; lastKnownFileType = text.plist.xml; path = Info.plist; sourceTree = "<group>"; };
		83EE6F471BB3C18200DFC473 /* ElementsTableViewController.swift */ = {isa = PBXFileReference; fileEncoding = 4; lastKnownFileType = sourcecode.swift; path = ElementsTableViewController.swift; sourceTree = "<group>"; };
/* End PBXFileReference section */

/* Begin PBXFrameworksBuildPhase section */
		83EE6F2F1BB3BE4700DFC473 /* Frameworks */ = {
			isa = PBXFrameworksBuildPhase;
			buildActionMask = 2147483647;
			files = (
			);
			runOnlyForDeploymentPostprocessing = 0;
		};
/* End PBXFrameworksBuildPhase section */

/* Begin PBXGroup section */
		83EE6F291BB3BE4700DFC473 = {
			isa = PBXGroup;
			children = (
				83EE6F341BB3BE4700DFC473 /* SectionsAndRows */,
				83EE6F331BB3BE4700DFC473 /* Products */,
			);
			sourceTree = "<group>";
		};
		83EE6F331BB3BE4700DFC473 /* Products */ = {
			isa = PBXGroup;
			children = (
				83EE6F321BB3BE4700DFC473 /* SectionsAndRows.app */,
			);
			name = Products;
			sourceTree = "<group>";
		};
		83EE6F341BB3BE4700DFC473 /* SectionsAndRows */ = {
			isa = PBXGroup;
			children = (
				83EE6F471BB3C18200DFC473 /* ElementsTableViewController.swift */,
				83EE6F351BB3BE4700DFC473 /* AppDelegate.swift */,
				83EE6F371BB3BE4700DFC473 /* ViewController.swift */,
				83EE6F391BB3BE4700DFC473 /* Main.storyboard */,
				83EE6F3C1BB3BE4700DFC473 /* Assets.xcassets */,
				83EE6F3E1BB3BE4700DFC473 /* LaunchScreen.storyboard */,
				83EE6F411BB3BE4700DFC473 /* Info.plist */,
			);
			path = SectionsAndRows;
			sourceTree = "<group>";
		};
/* End PBXGroup section */

/* Begin PBXNativeTarget section */
		83EE6F311BB3BE4700DFC473 /* SectionsAndRows */ = {
			isa = PBXNativeTarget;
			buildConfigurationList = 83EE6F441BB3BE4700DFC473 /* Build configuration list for PBXNativeTarget "SectionsAndRows" */;
			buildPhases = (
				83EE6F2E1BB3BE4700DFC473 /* Sources */,
				83EE6F2F1BB3BE4700DFC473 /* Frameworks */,
				83EE6F301BB3BE4700DFC473 /* Resources */,
			);
			buildRules = (
			);
			dependencies = (
			);
			name = SectionsAndRows;
			productName = SectionsAndRows;
			productReference = 83EE6F321BB3BE4700DFC473 /* SectionsAndRows.app */;
			productType = "com.apple.product-type.application";
		};
/* End PBXNativeTarget section */

/* Begin PBXProject section */
		83EE6F2A1BB3BE4700DFC473 /* Project object */ = {
			isa = PBXProject;
			attributes = {
				LastUpgradeCheck = 0700;
				ORGANIZATIONNAME = "Nick Chen";
				TargetAttributes = {
					83EE6F311BB3BE4700DFC473 = {
						CreatedOnToolsVersion = 7.0;
						DevelopmentTeam = D7FHTM26EZ;
					};
				};
			};
			buildConfigurationList = 83EE6F2D1BB3BE4700DFC473 /* Build configuration list for PBXProject "SectionsAndRows" */;
			compatibilityVersion = "Xcode 3.2";
			developmentRegion = English;
			hasScannedForEncodings = 0;
			knownRegions = (
				en,
				Base,
			);
			mainGroup = 83EE6F291BB3BE4700DFC473;
			productRefGroup = 83EE6F331BB3BE4700DFC473 /* Products */;
			projectDirPath = "";
			projectRoot = "";
			targets = (
				83EE6F311BB3BE4700DFC473 /* SectionsAndRows */,
			);
		};
/* End PBXProject section */

/* Begin PBXResourcesBuildPhase section */
		83EE6F301BB3BE4700DFC473 /* Resources */ = {
			isa = PBXResourcesBuildPhase;
			buildActionMask = 2147483647;
			files = (
				83EE6F401BB3BE4700DFC473 /* LaunchScreen.storyboard in Resources */,
				83EE6F3D1BB3BE4700DFC473 /* Assets.xcassets in Resources */,
				83EE6F3B1BB3BE4700DFC473 /* Main.storyboard in Resources */,
			);
			runOnlyForDeploymentPostprocessing = 0;
		};
/* End PBXResourcesBuildPhase section */

/* Begin PBXSourcesBuildPhase section */
		83EE6F2E1BB3BE4700DFC473 /* Sources */ = {
			isa = PBXSourcesBuildPhase;
			buildActionMask = 2147483647;
			files = (
				83EE6F481BB3C18200DFC473 /* ElementsTableViewController.swift in Sources */,
				83EE6F381BB3BE4700DFC473 /* ViewController.swift in Sources */,
				83EE6F361BB3BE4700DFC473 /* AppDelegate.swift in Sources */,
			);
			runOnlyForDeploymentPostprocessing = 0;
		};
/* End PBXSourcesBuildPhase section */

/* Begin PBXVariantGroup section */
		83EE6F391BB3BE4700DFC473 /* Main.storyboard */ = {
			isa = PBXVariantGroup;
			children = (
				83EE6F3A1BB3BE4700DFC473 /* Base */,
			);
			name = Main.storyboard;
			sourceTree = "<group>";
		};
		83EE6F3E1BB3BE4700DFC473 /* LaunchScreen.storyboard */ = {
			isa = PBXVariantGroup;
			children = (
				83EE6F3F1BB3BE4700DFC473 /* Base */,
			);
			name = LaunchScreen.storyboard;
			sourceTree = "<group>";
		};
/* End PBXVariantGroup section */

/* Begin XCBuildConfiguration section */
		83EE6F421BB3BE4700DFC473 /* Debug */ = {
			isa = XCBuildConfiguration;
			buildSettings = {
				ALWAYS_SEARCH_USER_PATHS = NO;
				CLANG_CXX_LANGUAGE_STANDARD = "gnu++0x";
				CLANG_CXX_LIBRARY = "libc++";
				CLANG_ENABLE_MODULES = YES;
				CLANG_ENABLE_OBJC_ARC = YES;
				CLANG_WARN_BOOL_CONVERSION = YES;
				CLANG_WARN_CONSTANT_CONVERSION = YES;
				CLANG_WARN_DIRECT_OBJC_ISA_USAGE = YES_ERROR;
				CLANG_WARN_EMPTY_BODY = YES;
				CLANG_WARN_ENUM_CONVERSION = YES;
				CLANG_WARN_INT_CONVERSION = YES;
				CLANG_WARN_OBJC_ROOT_CLASS = YES_ERROR;
				CLANG_WARN_UNREACHABLE_CODE = YES;
				CLANG_WARN__DUPLICATE_METHOD_MATCH = YES;
				"CODE_SIGN_IDENTITY[sdk=iphoneos*]" = "iPhone Developer";
				COPY_PHASE_STRIP = NO;
				DEBUG_INFORMATION_FORMAT = dwarf;
				ENABLE_STRICT_OBJC_MSGSEND = YES;
				ENABLE_TESTABILITY = YES;
				GCC_C_LANGUAGE_STANDARD = gnu99;
				GCC_DYNAMIC_NO_PIC = NO;
				GCC_NO_COMMON_BLOCKS = YES;
				GCC_OPTIMIZATION_LEVEL = 0;
				GCC_PREPROCESSOR_DEFINITIONS = (
					"DEBUG=1",
					"$(inherited)",
				);
				GCC_WARN_64_TO_32_BIT_CONVERSION = YES;
				GCC_WARN_ABOUT_RETURN_TYPE = YES_ERROR;
				GCC_WARN_UNDECLARED_SELECTOR = YES;
				GCC_WARN_UNINITIALIZED_AUTOS = YES_AGGRESSIVE;
				GCC_WARN_UNUSED_FUNCTION = YES;
				GCC_WARN_UNUSED_VARIABLE = YES;
				IPHONEOS_DEPLOYMENT_TARGET = 9.0;
				MTL_ENABLE_DEBUG_INFO = YES;
				ONLY_ACTIVE_ARCH = YES;
				SDKROOT = iphoneos;
				SWIFT_OPTIMIZATION_LEVEL = "-Onone";
				TARGETED_DEVICE_FAMILY = "1,2";
			};
			name = Debug;
		};
		83EE6F431BB3BE4700DFC473 /* Release */ = {
			isa = XCBuildConfiguration;
			buildSettings = {
				ALWAYS_SEARCH_USER_PATHS = NO;
				CLANG_CXX_LANGUAGE_STANDARD = "gnu++0x";
				CLANG_CXX_LIBRARY = "libc++";
				CLANG_ENABLE_MODULES = YES;
				CLANG_ENABLE_OBJC_ARC = YES;
				CLANG_WARN_BOOL_CONVERSION = YES;
				CLANG_WARN_CONSTANT_CONVERSION = YES;
				CLANG_WARN_DIRECT_OBJC_ISA_USAGE = YES_ERROR;
				CLANG_WARN_EMPTY_BODY = YES;
				CLANG_WARN_ENUM_CONVERSION = YES;
				CLANG_WARN_INT_CONVERSION = YES;
				CLANG_WARN_OBJC_ROOT_CLASS = YES_ERROR;
				CLANG_WARN_UNREACHABLE_CODE = YES;
				CLANG_WARN__DUPLICATE_METHOD_MATCH = YES;
				"CODE_SIGN_IDENTITY[sdk=iphoneos*]" = "iPhone Developer";
				COPY_PHASE_STRIP = NO;
				DEBUG_INFORMATION_FORMAT = "dwarf-with-dsym";
				ENABLE_NS_ASSERTIONS = NO;
				ENABLE_STRICT_OBJC_MSGSEND = YES;
				GCC_C_LANGUAGE_STANDARD = gnu99;
				GCC_NO_COMMON_BLOCKS = YES;
				GCC_WARN_64_TO_32_BIT_CONVERSION = YES;
				GCC_WARN_ABOUT_RETURN_TYPE = YES_ERROR;
				GCC_WARN_UNDECLARED_SELECTOR = YES;
				GCC_WARN_UNINITIALIZED_AUTOS = YES_AGGRESSIVE;
				GCC_WARN_UNUSED_FUNCTION = YES;
				GCC_WARN_UNUSED_VARIABLE = YES;
				IPHONEOS_DEPLOYMENT_TARGET = 9.0;
				MTL_ENABLE_DEBUG_INFO = NO;
				SDKROOT = iphoneos;
				TARGETED_DEVICE_FAMILY = "1,2";
				VALIDATE_PRODUCT = YES;
			};
			name = Release;
		};
		83EE6F451BB3BE4700DFC473 /* Debug */ = {
			isa = XCBuildConfiguration;
			buildSettings = {
				ASSETCATALOG_COMPILER_APPICON_NAME = AppIcon;
				INFOPLIST_FILE = SectionsAndRows/Info.plist;
				LD_RUNPATH_SEARCH_PATHS = "$(inherited) @executable_path/Frameworks";
				PRODUCT_BUNDLE_IDENTIFIER = io.talentspark.SectionsAndRows;
				PRODUCT_NAME = "$(TARGET_NAME)";
			};
			name = Debug;
		};
		83EE6F461BB3BE4700DFC473 /* Release */ = {
			isa = XCBuildConfiguration;
			buildSettings = {
				ASSETCATALOG_COMPILER_APPICON_NAME = AppIcon;
				INFOPLIST_FILE = SectionsAndRows/Info.plist;
				LD_RUNPATH_SEARCH_PATHS = "$(inherited) @executable_path/Frameworks";
				PRODUCT_BUNDLE_IDENTIFIER = io.talentspark.SectionsAndRows;
				PRODUCT_NAME = "$(TARGET_NAME)";
			};
			name = Release;
		};
/* End XCBuildConfiguration section */

/* Begin XCConfigurationList section */
		83EE6F2D1BB3BE4700DFC473 /* Build configuration list for PBXProject "SectionsAndRows" */ = {
			isa = XCConfigurationList;
			buildConfigurations = (
				83EE6F421BB3BE4700DFC473 /* Debug */,
				83EE6F431BB3BE4700DFC473 /* Release */,
			);
			defaultConfigurationIsVisible = 0;
			defaultConfigurationName = Release;
		};
		83EE6F441BB3BE4700DFC473 /* Build configuration list for PBXNativeTarget "SectionsAndRows" */ = {
			isa = XCConfigurationList;
			buildConfigurations = (
				83EE6F451BB3BE4700DFC473 /* Debug */,
				83EE6F461BB3BE4700DFC473 /* Release */,
			);
			defaultConfigurationIsVisible = 0;
		};
/* End XCConfigurationList section */
	};
	rootObject = 83EE6F2A1BB3BE4700DFC473 /* Project object */;
}
